
Microsoft Visual Studio Solution File, Format Version 12.00
# Visual Studio Version 17
VisualStudioVersion = 17.5.33530.505
MinimumVisualStudioVersion = 10.0.40219.1
Project("{FAE04EC0-301F-11D3-BF4B-00C04F79EFBC}") = "CsRestbl", "src\CsRestbl.csproj", "{BC06137C-5DF3-4AF1-A0C0-16F3E9FB5665}"
EndProject
Global
	GlobalSection(SolutionConfigurationPlatforms) = preSolution
		Debug|Any CPU = Debug|Any CPU
		Release|Any CPU = Release|Any CPU
	EndGlobalSection
	GlobalSection(ProjectConfigurationPlatforms) = postSolution
		{BC06137C-5DF3-4AF1-A0C0-16F3E9FB5665}.Debug|Any CPU.ActiveCfg = Debug|Any CPU
		{BC06137C-5DF3-4AF1-A0C0-16F3E9FB5665}.Debug|Any CPU.Build.0 = Debug|Any CPU
		{BC06137C-5DF3-4AF1-A0C0-16F3E9FB5665}.Release|Any CPU.ActiveCfg = Release|Any CPU
		{BC06137C-5DF3-4AF1-A0C0-16F3E9FB5665}.Release|Any CPU.Build.0 = Release|Any CPU
	EndGlobalSection
	GlobalSection(SolutionProperties) = preSolution
		HideSolutionNode = FALSE
	EndGlobalSection
	GlobalSection(ExtensibilityGlobals) = postSolution
		SolutionGuid = {9049BCB2-B5BA-4F2C-A644-8B7926F068FA}
	EndGlobalSection
EndGlobal
