
Microsoft Visual Studio Solution File, Format Version 12.00
# Visual Studio Version 17
VisualStudioVersion = 17.5.33530.505
MinimumVisualStudioVersion = 10.0.40219.1
Project("{9A19103F-16F7-4668-BE54-9A1E7A4F7556}") = "CsRestbl", "src\CsRestbl.csproj", "{BC06137C-5DF3-4AF1-A0C0-16F3E9FB5665}"
EndProject
Project("{9A19103F-16F7-4668-BE54-9A1E7A4F7556}") = "Tests", "Tests\Tests.csproj", "{C86306C3-6938-43EE-AD84-CE113C2F3AA8}"
EndProject
Project("{2150E333-8FDC-42A3-9474-1A3956D46DE8}") = "Libraries", "Libraries", "{7A387186-3F95-4709-97D7-D280FE1B9850}"
EndProject
Project("{9A19103F-16F7-4668-BE54-9A1E7A4F7556}") = "Native.IO", "lib\Native.IO\src\Native.IO.csproj", "{9A471443-003E-47D1-9502-7969F7D9DB02}"
EndProject
Global
	GlobalSection(SolutionConfigurationPlatforms) = preSolution
		Debug|Any CPU = Debug|Any CPU
		Release|Any CPU = Release|Any CPU
	EndGlobalSection
	GlobalSection(ProjectConfigurationPlatforms) = postSolution
		{BC06137C-5DF3-4AF1-A0C0-16F3E9FB5665}.Debug|Any CPU.ActiveCfg = Debug|Any CPU
		{BC06137C-5DF3-4AF1-A0C0-16F3E9FB5665}.Debug|Any CPU.Build.0 = Debug|Any CPU
		{BC06137C-5DF3-4AF1-A0C0-16F3E9FB5665}.Release|Any CPU.ActiveCfg = Release|Any CPU
		{BC06137C-5DF3-4AF1-A0C0-16F3E9FB5665}.Release|Any CPU.Build.0 = Release|Any CPU
		{C86306C3-6938-43EE-AD84-CE113C2F3AA8}.Debug|Any CPU.ActiveCfg = Debug|Any CPU
		{C86306C3-6938-43EE-AD84-CE113C2F3AA8}.Debug|Any CPU.Build.0 = Debug|Any CPU
		{C86306C3-6938-43EE-AD84-CE113C2F3AA8}.Release|Any CPU.ActiveCfg = Release|Any CPU
		{C86306C3-6938-43EE-AD84-CE113C2F3AA8}.Release|Any CPU.Build.0 = Release|Any CPU
		{9A471443-003E-47D1-9502-7969F7D9DB02}.Debug|Any CPU.ActiveCfg = Debug|Any CPU
		{9A471443-003E-47D1-9502-7969F7D9DB02}.Debug|Any CPU.Build.0 = Debug|Any CPU
		{9A471443-003E-47D1-9502-7969F7D9DB02}.Release|Any CPU.ActiveCfg = Release|Any CPU
		{9A471443-003E-47D1-9502-7969F7D9DB02}.Release|Any CPU.Build.0 = Release|Any CPU
	EndGlobalSection
	GlobalSection(SolutionProperties) = preSolution
		HideSolutionNode = FALSE
	EndGlobalSection
	GlobalSection(NestedProjects) = preSolution
		{9A471443-003E-47D1-9502-7969F7D9DB02} = {7A387186-3F95-4709-97D7-D280FE1B9850}
	EndGlobalSection
	GlobalSection(ExtensibilityGlobals) = postSolution
		SolutionGuid = {9049BCB2-B5BA-4F2C-A644-8B7926F068FA}
	EndGlobalSection
EndGlobal
